// !$*UTF8*$!
{
	archiveVersion = 1;
	classes = {
	};
	objectVersion = 50;
	objects = {

/* Begin PBXBuildFile section */
		840C5E2421E74B7F000F2F31 /* AppDelegate.swift in Sources */ = {isa = PBXBuildFile; fileRef = 840C5E2321E74B7F000F2F31 /* AppDelegate.swift */; };
		840C5E2621E74B7F000F2F31 /* ViewController.swift in Sources */ = {isa = PBXBuildFile; fileRef = 840C5E2521E74B7F000F2F31 /* ViewController.swift */; };
		840C5E2921E74B7F000F2F31 /* Main.storyboard in Resources */ = {isa = PBXBuildFile; fileRef = 840C5E2721E74B7F000F2F31 /* Main.storyboard */; };
		840C5E2B21E74B7F000F2F31 /* Assets.xcassets in Resources */ = {isa = PBXBuildFile; fileRef = 840C5E2A21E74B7F000F2F31 /* Assets.xcassets */; };
		840C5E2E21E74B7F000F2F31 /* LaunchScreen.storyboard in Resources */ = {isa = PBXBuildFile; fileRef = 840C5E2C21E74B7F000F2F31 /* LaunchScreen.storyboard */; };
/* End PBXBuildFile section */

/* Begin PBXFileReference section */
		840C5E2021E74B7F000F2F31 /* Imc&Diet.app */ = {isa = PBXFileReference; explicitFileType = wrapper.application; includeInIndex = 0; path = "Imc&Diet.app"; sourceTree = BUILT_PRODUCTS_DIR; };
		840C5E2321E74B7F000F2F31 /* AppDelegate.swift */ = {isa = PBXFileReference; lastKnownFileType = sourcecode.swift; path = AppDelegate.swift; sourceTree = "<group>"; };
		840C5E2521E74B7F000F2F31 /* ViewController.swift */ = {isa = PBXFileReference; lastKnownFileType = sourcecode.swift; path = ViewController.swift; sourceTree = "<group>"; };
		840C5E2821E74B7F000F2F31 /* Base */ = {isa = PBXFileReference; lastKnownFileType = file.storyboard; name = Base; path = Base.lproj/Main.storyboard; sourceTree = "<group>"; };
		840C5E2A21E74B7F000F2F31 /* Assets.xcassets */ = {isa = PBXFileReference; lastKnownFileType = folder.assetcatalog; path = Assets.xcassets; sourceTree = "<group>"; };
		840C5E2D21E74B7F000F2F31 /* Base */ = {isa = PBXFileReference; lastKnownFileType = file.storyboard; name = Base; path = Base.lproj/LaunchScreen.storyboard; sourceTree = "<group>"; };
		840C5E2F21E74B7F000F2F31 /* Info.plist */ = {isa = PBXFileReference; lastKnownFileType = text.plist.xml; path = Info.plist; sourceTree = "<group>"; };
/* End PBXFileReference section */

/* Begin PBXFrameworksBuildPhase section */
		840C5E1D21E74B7F000F2F31 /* Frameworks */ = {
			isa = PBXFrameworksBuildPhase;
			buildActionMask = 2147483647;
			files = (
			);
			runOnlyForDeploymentPostprocessing = 0;
		};
/* End PBXFrameworksBuildPhase section */

/* Begin PBXGroup section */
		840C5E1721E74B7F000F2F31 = {
			isa = PBXGroup;
			children = (
				840C5E2221E74B7F000F2F31 /* Imc&Diet */,
				840C5E2121E74B7F000F2F31 /* Products */,
			);
			sourceTree = "<group>";
		};
		840C5E2121E74B7F000F2F31 /* Products */ = {
			isa = PBXGroup;
			children = (
				840C5E2021E74B7F000F2F31 /* Imc&Diet.app */,
			);
			name = Products;
			sourceTree = "<group>";
		};
		840C5E2221E74B7F000F2F31 /* Imc&Diet */ = {
			isa = PBXGroup;
			children = (
				840C5E2321E74B7F000F2F31 /* AppDelegate.swift */,
				840C5E2521E74B7F000F2F31 /* ViewController.swift */,
				840C5E2721E74B7F000F2F31 /* Main.storyboard */,
				840C5E2A21E74B7F000F2F31 /* Assets.xcassets */,
				840C5E2C21E74B7F000F2F31 /* LaunchScreen.storyboard */,
				840C5E2F21E74B7F000F2F31 /* Info.plist */,
			);
			path = "Imc&Diet";
			sourceTree = "<group>";
		};
/* End PBXGroup section */

/* Begin PBXNativeTarget section */
		840C5E1F21E74B7F000F2F31 /* Imc&Diet */ = {
			isa = PBXNativeTarget;
			buildConfigurationList = 840C5E3221E74B7F000F2F31 /* Build configuration list for PBXNativeTarget "Imc&Diet" */;
			buildPhases = (
				840C5E1C21E74B7F000F2F31 /* Sources */,
				840C5E1D21E74B7F000F2F31 /* Frameworks */,
				840C5E1E21E74B7F000F2F31 /* Resources */,
			);
			buildRules = (
			);
			dependencies = (
			);
			name = "Imc&Diet";
			productName = "Imc&Diet";
			productReference = 840C5E2021E74B7F000F2F31 /* Imc&Diet.app */;
			productType = "com.apple.product-type.application";
		};
/* End PBXNativeTarget section */

/* Begin PBXProject section */
		840C5E1821E74B7F000F2F31 /* Project object */ = {
			isa = PBXProject;
			attributes = {
				LastSwiftUpdateCheck = 1010;
				LastUpgradeCheck = 1010;
				ORGANIZATIONNAME = Admin;
				TargetAttributes = {
					840C5E1F21E74B7F000F2F31 = {
						CreatedOnToolsVersion = 10.1;
					};
				};
			};
			buildConfigurationList = 840C5E1B21E74B7F000F2F31 /* Build configuration list for PBXProject "Imc&Diet" */;
			compatibilityVersion = "Xcode 9.3";
			developmentRegion = en;
			hasScannedForEncodings = 0;
			knownRegions = (
				en,
				Base,
			);
			mainGroup = 840C5E1721E74B7F000F2F31;
			productRefGroup = 840C5E2121E74B7F000F2F31 /* Products */;
			projectDirPath = "";
			projectRoot = "";
			targets = (
				840C5E1F21E74B7F000F2F31 /* Imc&Diet */,
			);
		};
/* End PBXProject section */

/* Begin PBXResourcesBuildPhase section */
		840C5E1E21E74B7F000F2F31 /* Resources */ = {
			isa = PBXResourcesBuildPhase;
			buildActionMask = 2147483647;
			files = (
				840C5E2E21E74B7F000F2F31 /* LaunchScreen.storyboard in Resources */,
				840C5E2B21E74B7F000F2F31 /* Assets.xcassets in Resources */,
				840C5E2921E74B7F000F2F31 /* Main.storyboard in Resources */,
			);
			runOnlyForDeploymentPostprocessing = 0;
		};
/* End PBXResourcesBuildPhase section */

/* Begin PBXSourcesBuildPhase section */
		840C5E1C21E74B7F000F2F31 /* Sources */ = {
			isa = PBXSourcesBuildPhase;
			buildActionMask = 2147483647;
			files = (
				840C5E2621E74B7F000F2F31 /* ViewController.swift in Sources */,
				840C5E2421E74B7F000F2F31 /* AppDelegate.swift in Sources */,
			);
			runOnlyForDeploymentPostprocessing = 0;
		};
/* End PBXSourcesBuildPhase section */

/* Begin PBXVariantGroup section */
		840C5E2721E74B7F000F2F31 /* Main.storyboard */ = {
			isa = PBXVariantGroup;
			children = (
				840C5E2821E74B7F000F2F31 /* Base */,
			);
			name = Main.storyboard;
			sourceTree = "<group>";
		};
		840C5E2C21E74B7F000F2F31 /* LaunchScreen.storyboard */ = {
			isa = PBXVariantGroup;
			children = (
				840C5E2D21E74B7F000F2F31 /* Base */,
			);
			name = LaunchScreen.storyboard;
			sourceTree = "<group>";
		};
/* End PBXVariantGroup section */

/* Begin XCBuildConfiguration section */
		840C5E3021E74B7F000F2F31 /* Debug */ = {
			isa = XCBuildConfiguration;
			buildSettings = {
				ALWAYS_SEARCH_USER_PATHS = NO;
				CLANG_ANALYZER_NONNULL = YES;
				CLANG_ANALYZER_NUMBER_OBJECT_CONVERSION = YES_AGGRESSIVE;
				CLANG_CXX_LANGUAGE_STANDARD = "gnu++14";
				CLANG_CXX_LIBRARY = "libc++";
				CLANG_ENABLE_MODULES = YES;
				CLANG_ENABLE_OBJC_ARC = YES;
				CLANG_ENABLE_OBJC_WEAK = YES;
				CLANG_WARN_BLOCK_CAPTURE_AUTORELEASING = YES;
				CLANG_WARN_BOOL_CONVERSION = YES;
				CLANG_WARN_COMMA = YES;
				CLANG_WARN_CONSTANT_CONVERSION = YES;
				CLANG_WARN_DEPRECATED_OBJC_IMPLEMENTATIONS = YES;
				CLANG_WARN_DIRECT_OBJC_ISA_USAGE = YES_ERROR;
				CLANG_WARN_DOCUMENTATION_COMMENTS = YES;
				CLANG_WARN_EMPTY_BODY = YES;
				CLANG_WARN_ENUM_CONVERSION = YES;
				CLANG_WARN_INFINITE_RECURSION = YES;
				CLANG_WARN_INT_CONVERSION = YES;
				CLANG_WARN_NON_LITERAL_NULL_CONVERSION = YES;
				CLANG_WARN_OBJC_IMPLICIT_RETAIN_SELF = YES;
				CLANG_WARN_OBJC_LITERAL_CONVERSION = YES;
				CLANG_WARN_OBJC_ROOT_CLASS = YES_ERROR;
				CLANG_WARN_RANGE_LOOP_ANALYSIS = YES;
				CLANG_WARN_STRICT_PROTOTYPES = YES;
				CLANG_WARN_SUSPICIOUS_MOVE = YES;
				CLANG_WARN_UNGUARDED_AVAILABILITY = YES_AGGRESSIVE;
				CLANG_WARN_UNREACHABLE_CODE = YES;
				CLANG_WARN__DUPLICATE_METHOD_MATCH = YES;
				CODE_SIGN_IDENTITY = "iPhone Developer";
				COPY_PHASE_STRIP = NO;
				DEBUG_INFORMATION_FORMAT = dwarf;
				ENABLE_STRICT_OBJC_MSGSEND = YES;
				ENABLE_TESTABILITY = YES;
				GCC_C_LANGUAGE_STANDARD = gnu11;
				GCC_DYNAMIC_NO_PIC = NO;
				GCC_NO_COMMON_BLOCKS = YES;
				GCC_OPTIMIZATION_LEVEL = 0;
				GCC_PREPROCESSOR_DEFINITIONS = (
					"DEBUG=1",
					"$(inherited)",
				);
				GCC_WARN_64_TO_32_BIT_CONVERSION = YES;
				GCC_WARN_ABOUT_RETURN_TYPE = YES_ERROR;
				GCC_WARN_UNDECLARED_SELECTOR = YES;
				GCC_WARN_UNINITIALIZED_AUTOS = YES_AGGRESSIVE;
				GCC_WARN_UNUSED_FUNCTION = YES;
				GCC_WARN_UNUSED_VARIABLE = YES;
				IPHONEOS_DEPLOYMENT_TARGET = 12.1;
				MTL_ENABLE_DEBUG_INFO = INCLUDE_SOURCE;
				MTL_FAST_MATH = YES;
				ONLY_ACTIVE_ARCH = YES;
				SDKROOT = iphoneos;
				SWIFT_ACTIVE_COMPILATION_CONDITIONS = DEBUG;
				SWIFT_OPTIMIZATION_LEVEL = "-Onone";
			};
			name = Debug;
		};
		840C5E3121E74B7F000F2F31 /* Release */ = {
			isa = XCBuildConfiguration;
			buildSettings = {
				ALWAYS_SEARCH_USER_PATHS = NO;
				CLANG_ANALYZER_NONNULL = YES;
				CLANG_ANALYZER_NUMBER_OBJECT_CONVERSION = YES_AGGRESSIVE;
				CLANG_CXX_LANGUAGE_STANDARD = "gnu++14";
				CLANG_CXX_LIBRARY = "libc++";
				CLANG_ENABLE_MODULES = YES;
				CLANG_ENABLE_OBJC_ARC = YES;
				CLANG_ENABLE_OBJC_WEAK = YES;
				CLANG_WARN_BLOCK_CAPTURE_AUTORELEASING = YES;
				CLANG_WARN_BOOL_CONVERSION = YES;
				CLANG_WARN_COMMA = YES;
				CLANG_WARN_CONSTANT_CONVERSION = YES;
				CLANG_WARN_DEPRECATED_OBJC_IMPLEMENTATIONS = YES;
				CLANG_WARN_DIRECT_OBJC_ISA_USAGE = YES_ERROR;
				CLANG_WARN_DOCUMENTATION_COMMENTS = YES;
				CLANG_WARN_EMPTY_BODY = YES;
				CLANG_WARN_ENUM_CONVERSION = YES;
				CLANG_WARN_INFINITE_RECURSION = YES;
				CLANG_WARN_INT_CONVERSION = YES;
				CLANG_WARN_NON_LITERAL_NULL_CONVERSION = YES;
				CLANG_WARN_OBJC_IMPLICIT_RETAIN_SELF = YES;
				CLANG_WARN_OBJC_LITERAL_CONVERSION = YES;
				CLANG_WARN_OBJC_ROOT_CLASS = YES_ERROR;
				CLANG_WARN_RANGE_LOOP_ANALYSIS = YES;
				CLANG_WARN_STRICT_PROTOTYPES = YES;
				CLANG_WARN_SUSPICIOUS_MOVE = YES;
				CLANG_WARN_UNGUARDED_AVAILABILITY = YES_AGGRESSIVE;
				CLANG_WARN_UNREACHABLE_CODE = YES;
				CLANG_WARN__DUPLICATE_METHOD_MATCH = YES;
				CODE_SIGN_IDENTITY = "iPhone Developer";
				COPY_PHASE_STRIP = NO;
				DEBUG_INFORMATION_FORMAT = "dwarf-with-dsym";
				ENABLE_NS_ASSERTIONS = NO;
				ENABLE_STRICT_OBJC_MSGSEND = YES;
				GCC_C_LANGUAGE_STANDARD = gnu11;
				GCC_NO_COMMON_BLOCKS = YES;
				GCC_WARN_64_TO_32_BIT_CONVERSION = YES;
				GCC_WARN_ABOUT_RETURN_TYPE = YES_ERROR;
				GCC_WARN_UNDECLARED_SELECTOR = YES;
				GCC_WARN_UNINITIALIZED_AUTOS = YES_AGGRESSIVE;
				GCC_WARN_UNUSED_FUNCTION = YES;
				GCC_WARN_UNUSED_VARIABLE = YES;
				IPHONEOS_DEPLOYMENT_TARGET = 12.1;
				MTL_ENABLE_DEBUG_INFO = NO;
				MTL_FAST_MATH = YES;
				SDKROOT = iphoneos;
				SWIFT_COMPILATION_MODE = wholemodule;
				SWIFT_OPTIMIZATION_LEVEL = "-O";
				VALIDATE_PRODUCT = YES;
			};
			name = Release;
		};
		840C5E3321E74B7F000F2F31 /* Debug */ = {
			isa = XCBuildConfiguration;
			buildSettings = {
				ASSETCATALOG_COMPILER_APPICON_NAME = AppIcon;
				CODE_SIGN_STYLE = Automatic;
				INFOPLIST_FILE = "Imc&Diet/Info.plist";
				LD_RUNPATH_SEARCH_PATHS = (
					"$(inherited)",
					"@executable_path/Frameworks",
				);
				PRODUCT_BUNDLE_IDENTIFIER = "fr.neline.Imc-Diet";
				PRODUCT_NAME = "$(TARGET_NAME)";
				SWIFT_VERSION = 4.2;
				TARGETED_DEVICE_FAMILY = "1,2";
			};
			name = Debug;
		};
		840C5E3421E74B7F000F2F31 /* Release */ = {
			isa = XCBuildConfiguration;
			buildSettings = {
				ASSETCATALOG_COMPILER_APPICON_NAME = AppIcon;
				CODE_SIGN_STYLE = Automatic;
				INFOPLIST_FILE = "Imc&Diet/Info.plist";
				LD_RUNPATH_SEARCH_PATHS = (
					"$(inherited)",
					"@executable_path/Frameworks",
				);
				PRODUCT_BUNDLE_IDENTIFIER = "fr.neline.Imc-Diet";
				PRODUCT_NAME = "$(TARGET_NAME)";
				SWIFT_VERSION = 4.2;
				TARGETED_DEVICE_FAMILY = "1,2";
			};
			name = Release;
		};
/* End XCBuildConfiguration section */

/* Begin XCConfigurationList section */
		840C5E1B21E74B7F000F2F31 /* Build configuration list for PBXProject "Imc&Diet" */ = {
			isa = XCConfigurationList;
			buildConfigurations = (
				840C5E3021E74B7F000F2F31 /* Debug */,
				840C5E3121E74B7F000F2F31 /* Release */,
			);
			defaultConfigurationIsVisible = 0;
			defaultConfigurationName = Release;
		};
		840C5E3221E74B7F000F2F31 /* Build configuration list for PBXNativeTarget "Imc&Diet" */ = {
			isa = XCConfigurationList;
			buildConfigurations = (
				840C5E3321E74B7F000F2F31 /* Debug */,
				840C5E3421E74B7F000F2F31 /* Release */,
			);
			defaultConfigurationIsVisible = 0;
			defaultConfigurationName = Release;
		};
/* End XCConfigurationList section */
	};
	rootObject = 840C5E1821E74B7F000F2F31 /* Project object */;
}
